
Microsoft Visual Studio Solution File, Format Version 12.00
# Visual Studio Version 17
VisualStudioVersion = 17.5.33530.505
MinimumVisualStudioVersion = 10.0.40219.1
Project("{2150E333-8FDC-42A3-9474-1A3956D46DE8}") = "FrontEnd", "FrontEnd", "{E3704C98-BC38-43FD-A390-A46F13B1F006}"
EndProject
Project("{2150E333-8FDC-42A3-9474-1A3956D46DE8}") = "Services", "Services", "{C8D08810-C873-4501-9B88-8570FA487B9B}"
EndProject
Project("{FAE04EC0-301F-11D3-BF4B-00C04F79EFBC}") = "GeekShopping.Web", "GeekShopping.Web\GeekShopping.Web.csproj", "{0BA78EA4-8749-41C9-99FE-70EBB44C2E2A}"
EndProject
Project("{FAE04EC0-301F-11D3-BF4B-00C04F79EFBC}") = "GeekShopping.ProductAPI", "GeekShopping.ProductAPI\GeekShopping.ProductAPI.csproj", "{125C2AD0-7526-47F0-BAAF-4655D70420B9}"
EndProject
Global
	GlobalSection(SolutionConfigurationPlatforms) = preSolution
		Debug|Any CPU = Debug|Any CPU
		Release|Any CPU = Release|Any CPU
	EndGlobalSection
	GlobalSection(ProjectConfigurationPlatforms) = postSolution
		{0BA78EA4-8749-41C9-99FE-70EBB44C2E2A}.Debug|Any CPU.ActiveCfg = Debug|Any CPU
		{0BA78EA4-8749-41C9-99FE-70EBB44C2E2A}.Debug|Any CPU.Build.0 = Debug|Any CPU
		{0BA78EA4-8749-41C9-99FE-70EBB44C2E2A}.Release|Any CPU.ActiveCfg = Release|Any CPU
		{0BA78EA4-8749-41C9-99FE-70EBB44C2E2A}.Release|Any CPU.Build.0 = Release|Any CPU
		{125C2AD0-7526-47F0-BAAF-4655D70420B9}.Debug|Any CPU.ActiveCfg = Debug|Any CPU
		{125C2AD0-7526-47F0-BAAF-4655D70420B9}.Debug|Any CPU.Build.0 = Debug|Any CPU
		{125C2AD0-7526-47F0-BAAF-4655D70420B9}.Release|Any CPU.ActiveCfg = Release|Any CPU
		{125C2AD0-7526-47F0-BAAF-4655D70420B9}.Release|Any CPU.Build.0 = Release|Any CPU
	EndGlobalSection
	GlobalSection(SolutionProperties) = preSolution
		HideSolutionNode = FALSE
	EndGlobalSection
	GlobalSection(NestedProjects) = preSolution
		{0BA78EA4-8749-41C9-99FE-70EBB44C2E2A} = {E3704C98-BC38-43FD-A390-A46F13B1F006}
		{125C2AD0-7526-47F0-BAAF-4655D70420B9} = {C8D08810-C873-4501-9B88-8570FA487B9B}
	EndGlobalSection
	GlobalSection(ExtensibilityGlobals) = postSolution
		SolutionGuid = {11AF04E1-1310-4A9A-9847-139E7F80C61D}
	EndGlobalSection
EndGlobal
